
Microsoft Visual Studio Solution File, Format Version 12.00
# Visual Studio Version 17
VisualStudioVersion = 17.3.32825.248
MinimumVisualStudioVersion = 10.0.40219.1
Project("{9A19103F-16F7-4668-BE54-9A1E7A4F7556}") = "Bowling.App", "Bowling\Bowling.App\Bowling.App.csproj", "{5BB95689-0962-4CBA-856C-2FB6441F5D45}"
EndProject
Project("{9A19103F-16F7-4668-BE54-9A1E7A4F7556}") = "Bowling.Tests", "Bowling\Bowling.Tests\Bowling.Tests.csproj", "{EA68264C-19A0-4857-A76A-FAF1B3AACFE5}"
EndProject
Project("{2150E333-8FDC-42A3-9474-1A3956D46DE8}") = "Solution Items", "Solution Items", "{44F321C4-29C3-4CB5-9C74-F5B169AECA50}"
	ProjectSection(SolutionItems) = preProject
		README.md = README.md
	EndProjectSection
EndProject
Project("{2150E333-8FDC-42A3-9474-1A3956D46DE8}") = "Bowling", "Bowling", "{E8133615-1FBF-497E-A781-7E1525DA1A74}"
EndProject
Project("{2150E333-8FDC-42A3-9474-1A3956D46DE8}") = "MetricConverter", "MetricConverter", "{FD33F1C4-1146-490D-B2A1-210DC122DB6F}"
EndProject
Project("{9A19103F-16F7-4668-BE54-9A1E7A4F7556}") = "MetricConverter", "MetricConverter\MetricConverter\MetricConverter.csproj", "{C9D4E089-7DE5-4D13-BD5D-EDD7606149E3}"
EndProject
Project("{9A19103F-16F7-4668-BE54-9A1E7A4F7556}") = "MetricConverter.Tests.Unit", "MetricConverter\MetricConverter.Tests.Unit\MetricConverter.Tests.Unit.csproj", "{F855C51F-A202-4729-9231-F17CC6C1D066}"
EndProject
Project("{2150E333-8FDC-42A3-9474-1A3956D46DE8}") = "RomanLetters", "RomanLetters", "{A48B23AC-91E9-424E-91CB-7B21661A08DB}"
	ProjectSection(SolutionItems) = preProject
		RomanLetters\readme.md = RomanLetters\readme.md
	EndProjectSection
EndProject
Project("{9A19103F-16F7-4668-BE54-9A1E7A4F7556}") = "RomanLetters", "RomanLetters\RomanLetters\RomanLetters.csproj", "{830108C7-E590-4B13-9B2B-84252CF5B29D}"
EndProject
Project("{9A19103F-16F7-4668-BE54-9A1E7A4F7556}") = "RomanLetters.Tests.Unit", "RomanLetters\RomanLetters.Tests.Unit\RomanLetters.Tests.Unit.csproj", "{214888ED-3406-4F54-8402-F90710E2350A}"
EndProject
Project("{2150E333-8FDC-42A3-9474-1A3956D46DE8}") = "FizzBuzz", "FizzBuzz", "{AE80E9ED-3A41-4B76-B1F1-339B7D6734E9}"
	ProjectSection(SolutionItems) = preProject
		FizzBuzz\readme.md = FizzBuzz\readme.md
	EndProjectSection
EndProject
Project("{9A19103F-16F7-4668-BE54-9A1E7A4F7556}") = "FizzBuzz", "FizzBuzz\FizzBuzz\FizzBuzz.csproj", "{F34BECA5-8BB6-4B7E-B04E-D7873152B12B}"
EndProject
Project("{9A19103F-16F7-4668-BE54-9A1E7A4F7556}") = "FizzBuzz.Tests.Unit", "FizzBuzz\FizzBuzz.Tests.Unit\FizzBuzz.Tests.Unit.csproj", "{EDABA55A-56C4-4C79-8F3A-AB149CAAC0BC}"
EndProject
Project("{2150E333-8FDC-42A3-9474-1A3956D46DE8}") = "MarsRover", "MarsRover", "{4EA1752F-E7EF-4CDF-BCA6-0C62535882CA}"
EndProject
Project("{9A19103F-16F7-4668-BE54-9A1E7A4F7556}") = "MarsRover", "MarsRover\MarsRover\MarsRover.csproj", "{2BB365DF-C6E9-428E-9909-527931730E3D}"
EndProject
Project("{9A19103F-16F7-4668-BE54-9A1E7A4F7556}") = "MarsRover.Tests.Unit", "MarsRover\MarsRover.Tests.Unit\MarsRover.Tests.Unit.csproj", "{9C928584-E84F-467D-90BC-4E477F0F179D}"
EndProject
Project("{9A19103F-16F7-4668-BE54-9A1E7A4F7556}") = "RichestCustomerWealth", "RichestCustomerWealth\RichestCustomerWealth\RichestCustomerWealth.csproj", "{B685C57E-4538-49E3-8984-C5EF6C24FE19}"
EndProject
Project("{2150E333-8FDC-42A3-9474-1A3956D46DE8}") = "RichestCustomerWealth", "RichestCustomerWealth", "{71AD14EB-878E-4561-91DA-C96FD3A42AD4}"
	ProjectSection(SolutionItems) = preProject
		RichestCustomerWealth\readme.md = RichestCustomerWealth\readme.md
	EndProjectSection
EndProject
Project("{9A19103F-16F7-4668-BE54-9A1E7A4F7556}") = "RichestCustomerWealth.Tests.Unit", "RichestCustomerWealth\RichestCustomerWealth.Tests.Unit\RichestCustomerWealth.Tests.Unit.csproj", "{6A6D37FC-C2A6-4B01-A57D-10F92035EF36}"
EndProject
Project("{2150E333-8FDC-42A3-9474-1A3956D46DE8}") = "SoldierRows", "SoldierRows", "{AB4ED7A9-C479-4E5E-B584-E2D56C79EC24}"
	ProjectSection(SolutionItems) = preProject
		SoldierRows\readme.md = SoldierRows\readme.md
	EndProjectSection
EndProject
Project("{9A19103F-16F7-4668-BE54-9A1E7A4F7556}") = "SoldierRows", "SoldierRows\SoldierRows\SoldierRows.csproj", "{65845642-8FFB-463A-8A91-CAC188E1137B}"
EndProject
Project("{9A19103F-16F7-4668-BE54-9A1E7A4F7556}") = "SoldierRows.Tests.Unit", "SoldierRows\SoldierRows.Tests.Unit\SoldierRows.Tests.Unit.csproj", "{77E04B52-24E9-48B8-BB75-BD64E36522AF}"
EndProject
Project("{2150E333-8FDC-42A3-9474-1A3956D46DE8}") = "RansomNote", "RansomNote", "{03FB2CC5-13E7-488B-9093-3FD0569C91E6}"
	ProjectSection(SolutionItems) = preProject
		RansomNote\readme.md = RansomNote\readme.md
	EndProjectSection
EndProject
Project("{9A19103F-16F7-4668-BE54-9A1E7A4F7556}") = "RansomNote", "RansomNote\RansomNote\RansomNote.csproj", "{FCB4A352-BCFA-4FD7-AD34-1268E9D8D589}"
EndProject
Project("{9A19103F-16F7-4668-BE54-9A1E7A4F7556}") = "RansomNote.Tests.Unit", "RansomNote\RansomNote.Tests.Unit\RansomNote.Tests.Unit.csproj", "{57E34058-B7CB-41DD-9B20-038B1E672C37}"
EndProject
Global
	GlobalSection(SolutionConfigurationPlatforms) = preSolution
		Debug|Any CPU = Debug|Any CPU
		Release|Any CPU = Release|Any CPU
	EndGlobalSection
	GlobalSection(ProjectConfigurationPlatforms) = postSolution
		{5BB95689-0962-4CBA-856C-2FB6441F5D45}.Debug|Any CPU.ActiveCfg = Debug|Any CPU
		{5BB95689-0962-4CBA-856C-2FB6441F5D45}.Debug|Any CPU.Build.0 = Debug|Any CPU
		{5BB95689-0962-4CBA-856C-2FB6441F5D45}.Release|Any CPU.ActiveCfg = Release|Any CPU
		{5BB95689-0962-4CBA-856C-2FB6441F5D45}.Release|Any CPU.Build.0 = Release|Any CPU
		{EA68264C-19A0-4857-A76A-FAF1B3AACFE5}.Debug|Any CPU.ActiveCfg = Debug|Any CPU
		{EA68264C-19A0-4857-A76A-FAF1B3AACFE5}.Debug|Any CPU.Build.0 = Debug|Any CPU
		{EA68264C-19A0-4857-A76A-FAF1B3AACFE5}.Release|Any CPU.ActiveCfg = Release|Any CPU
		{EA68264C-19A0-4857-A76A-FAF1B3AACFE5}.Release|Any CPU.Build.0 = Release|Any CPU
		{C9D4E089-7DE5-4D13-BD5D-EDD7606149E3}.Debug|Any CPU.ActiveCfg = Debug|Any CPU
		{C9D4E089-7DE5-4D13-BD5D-EDD7606149E3}.Debug|Any CPU.Build.0 = Debug|Any CPU
		{C9D4E089-7DE5-4D13-BD5D-EDD7606149E3}.Release|Any CPU.ActiveCfg = Release|Any CPU
		{C9D4E089-7DE5-4D13-BD5D-EDD7606149E3}.Release|Any CPU.Build.0 = Release|Any CPU
		{F855C51F-A202-4729-9231-F17CC6C1D066}.Debug|Any CPU.ActiveCfg = Debug|Any CPU
		{F855C51F-A202-4729-9231-F17CC6C1D066}.Debug|Any CPU.Build.0 = Debug|Any CPU
		{F855C51F-A202-4729-9231-F17CC6C1D066}.Release|Any CPU.ActiveCfg = Release|Any CPU
		{F855C51F-A202-4729-9231-F17CC6C1D066}.Release|Any CPU.Build.0 = Release|Any CPU
		{830108C7-E590-4B13-9B2B-84252CF5B29D}.Debug|Any CPU.ActiveCfg = Debug|Any CPU
		{830108C7-E590-4B13-9B2B-84252CF5B29D}.Debug|Any CPU.Build.0 = Debug|Any CPU
		{830108C7-E590-4B13-9B2B-84252CF5B29D}.Release|Any CPU.ActiveCfg = Release|Any CPU
		{830108C7-E590-4B13-9B2B-84252CF5B29D}.Release|Any CPU.Build.0 = Release|Any CPU
		{214888ED-3406-4F54-8402-F90710E2350A}.Debug|Any CPU.ActiveCfg = Debug|Any CPU
		{214888ED-3406-4F54-8402-F90710E2350A}.Debug|Any CPU.Build.0 = Debug|Any CPU
		{214888ED-3406-4F54-8402-F90710E2350A}.Release|Any CPU.ActiveCfg = Release|Any CPU
		{214888ED-3406-4F54-8402-F90710E2350A}.Release|Any CPU.Build.0 = Release|Any CPU
		{F34BECA5-8BB6-4B7E-B04E-D7873152B12B}.Debug|Any CPU.ActiveCfg = Debug|Any CPU
		{F34BECA5-8BB6-4B7E-B04E-D7873152B12B}.Debug|Any CPU.Build.0 = Debug|Any CPU
		{F34BECA5-8BB6-4B7E-B04E-D7873152B12B}.Release|Any CPU.ActiveCfg = Release|Any CPU
		{F34BECA5-8BB6-4B7E-B04E-D7873152B12B}.Release|Any CPU.Build.0 = Release|Any CPU
		{EDABA55A-56C4-4C79-8F3A-AB149CAAC0BC}.Debug|Any CPU.ActiveCfg = Debug|Any CPU
		{EDABA55A-56C4-4C79-8F3A-AB149CAAC0BC}.Debug|Any CPU.Build.0 = Debug|Any CPU
		{EDABA55A-56C4-4C79-8F3A-AB149CAAC0BC}.Release|Any CPU.ActiveCfg = Release|Any CPU
		{EDABA55A-56C4-4C79-8F3A-AB149CAAC0BC}.Release|Any CPU.Build.0 = Release|Any CPU
		{2BB365DF-C6E9-428E-9909-527931730E3D}.Debug|Any CPU.ActiveCfg = Debug|Any CPU
		{2BB365DF-C6E9-428E-9909-527931730E3D}.Debug|Any CPU.Build.0 = Debug|Any CPU
		{2BB365DF-C6E9-428E-9909-527931730E3D}.Release|Any CPU.ActiveCfg = Release|Any CPU
		{2BB365DF-C6E9-428E-9909-527931730E3D}.Release|Any CPU.Build.0 = Release|Any CPU
		{9C928584-E84F-467D-90BC-4E477F0F179D}.Debug|Any CPU.ActiveCfg = Debug|Any CPU
		{9C928584-E84F-467D-90BC-4E477F0F179D}.Debug|Any CPU.Build.0 = Debug|Any CPU
		{9C928584-E84F-467D-90BC-4E477F0F179D}.Release|Any CPU.ActiveCfg = Release|Any CPU
		{9C928584-E84F-467D-90BC-4E477F0F179D}.Release|Any CPU.Build.0 = Release|Any CPU
		{B685C57E-4538-49E3-8984-C5EF6C24FE19}.Debug|Any CPU.ActiveCfg = Debug|Any CPU
		{B685C57E-4538-49E3-8984-C5EF6C24FE19}.Debug|Any CPU.Build.0 = Debug|Any CPU
		{B685C57E-4538-49E3-8984-C5EF6C24FE19}.Release|Any CPU.ActiveCfg = Release|Any CPU
		{B685C57E-4538-49E3-8984-C5EF6C24FE19}.Release|Any CPU.Build.0 = Release|Any CPU
		{6A6D37FC-C2A6-4B01-A57D-10F92035EF36}.Debug|Any CPU.ActiveCfg = Debug|Any CPU
		{6A6D37FC-C2A6-4B01-A57D-10F92035EF36}.Debug|Any CPU.Build.0 = Debug|Any CPU
		{6A6D37FC-C2A6-4B01-A57D-10F92035EF36}.Release|Any CPU.ActiveCfg = Release|Any CPU
		{6A6D37FC-C2A6-4B01-A57D-10F92035EF36}.Release|Any CPU.Build.0 = Release|Any CPU
		{65845642-8FFB-463A-8A91-CAC188E1137B}.Debug|Any CPU.ActiveCfg = Debug|Any CPU
		{65845642-8FFB-463A-8A91-CAC188E1137B}.Debug|Any CPU.Build.0 = Debug|Any CPU
		{65845642-8FFB-463A-8A91-CAC188E1137B}.Release|Any CPU.ActiveCfg = Release|Any CPU
		{65845642-8FFB-463A-8A91-CAC188E1137B}.Release|Any CPU.Build.0 = Release|Any CPU
		{77E04B52-24E9-48B8-BB75-BD64E36522AF}.Debug|Any CPU.ActiveCfg = Debug|Any CPU
		{77E04B52-24E9-48B8-BB75-BD64E36522AF}.Debug|Any CPU.Build.0 = Debug|Any CPU
		{77E04B52-24E9-48B8-BB75-BD64E36522AF}.Release|Any CPU.ActiveCfg = Release|Any CPU
		{77E04B52-24E9-48B8-BB75-BD64E36522AF}.Release|Any CPU.Build.0 = Release|Any CPU
		{FCB4A352-BCFA-4FD7-AD34-1268E9D8D589}.Debug|Any CPU.ActiveCfg = Debug|Any CPU
		{FCB4A352-BCFA-4FD7-AD34-1268E9D8D589}.Debug|Any CPU.Build.0 = Debug|Any CPU
		{FCB4A352-BCFA-4FD7-AD34-1268E9D8D589}.Release|Any CPU.ActiveCfg = Release|Any CPU
		{FCB4A352-BCFA-4FD7-AD34-1268E9D8D589}.Release|Any CPU.Build.0 = Release|Any CPU
		{57E34058-B7CB-41DD-9B20-038B1E672C37}.Debug|Any CPU.ActiveCfg = Debug|Any CPU
		{57E34058-B7CB-41DD-9B20-038B1E672C37}.Debug|Any CPU.Build.0 = Debug|Any CPU
		{57E34058-B7CB-41DD-9B20-038B1E672C37}.Release|Any CPU.ActiveCfg = Release|Any CPU
		{57E34058-B7CB-41DD-9B20-038B1E672C37}.Release|Any CPU.Build.0 = Release|Any CPU
	EndGlobalSection
	GlobalSection(SolutionProperties) = preSolution
		HideSolutionNode = FALSE
	EndGlobalSection
	GlobalSection(NestedProjects) = preSolution
		{5BB95689-0962-4CBA-856C-2FB6441F5D45} = {E8133615-1FBF-497E-A781-7E1525DA1A74}
		{EA68264C-19A0-4857-A76A-FAF1B3AACFE5} = {E8133615-1FBF-497E-A781-7E1525DA1A74}
		{C9D4E089-7DE5-4D13-BD5D-EDD7606149E3} = {FD33F1C4-1146-490D-B2A1-210DC122DB6F}
		{F855C51F-A202-4729-9231-F17CC6C1D066} = {FD33F1C4-1146-490D-B2A1-210DC122DB6F}
		{830108C7-E590-4B13-9B2B-84252CF5B29D} = {A48B23AC-91E9-424E-91CB-7B21661A08DB}
		{214888ED-3406-4F54-8402-F90710E2350A} = {A48B23AC-91E9-424E-91CB-7B21661A08DB}
		{F34BECA5-8BB6-4B7E-B04E-D7873152B12B} = {AE80E9ED-3A41-4B76-B1F1-339B7D6734E9}
		{EDABA55A-56C4-4C79-8F3A-AB149CAAC0BC} = {AE80E9ED-3A41-4B76-B1F1-339B7D6734E9}
		{2BB365DF-C6E9-428E-9909-527931730E3D} = {4EA1752F-E7EF-4CDF-BCA6-0C62535882CA}
		{9C928584-E84F-467D-90BC-4E477F0F179D} = {4EA1752F-E7EF-4CDF-BCA6-0C62535882CA}
		{B685C57E-4538-49E3-8984-C5EF6C24FE19} = {71AD14EB-878E-4561-91DA-C96FD3A42AD4}
		{6A6D37FC-C2A6-4B01-A57D-10F92035EF36} = {71AD14EB-878E-4561-91DA-C96FD3A42AD4}
		{65845642-8FFB-463A-8A91-CAC188E1137B} = {AB4ED7A9-C479-4E5E-B584-E2D56C79EC24}
		{77E04B52-24E9-48B8-BB75-BD64E36522AF} = {AB4ED7A9-C479-4E5E-B584-E2D56C79EC24}
		{FCB4A352-BCFA-4FD7-AD34-1268E9D8D589} = {03FB2CC5-13E7-488B-9093-3FD0569C91E6}
		{57E34058-B7CB-41DD-9B20-038B1E672C37} = {03FB2CC5-13E7-488B-9093-3FD0569C91E6}
	EndGlobalSection
	GlobalSection(ExtensibilityGlobals) = postSolution
		SolutionGuid = {7DE53E36-79A7-49AD-9581-337DA7ACAD74}
	EndGlobalSection
EndGlobal
