
Microsoft Visual Studio Solution File, Format Version 12.00
# Visual Studio Version 17
VisualStudioVersion = 17.3.32825.248
MinimumVisualStudioVersion = 10.0.40219.1
Project("{9A19103F-16F7-4668-BE54-9A1E7A4F7556}") = "Bowling.App", "Bowling\Bowling.App\Bowling.App.csproj", "{5BB95689-0962-4CBA-856C-2FB6441F5D45}"
EndProject
Project("{9A19103F-16F7-4668-BE54-9A1E7A4F7556}") = "Bowling.Tests", "Bowling\Bowling.Tests\Bowling.Tests.csproj", "{AC2257A0-B190-4ADF-BA46-055C2BD31E05}"
EndProject
Global
	GlobalSection(SolutionConfigurationPlatforms) = preSolution
		Debug|Any CPU = Debug|Any CPU
		Release|Any CPU = Release|Any CPU
	EndGlobalSection
	GlobalSection(ProjectConfigurationPlatforms) = postSolution
		{5BB95689-0962-4CBA-856C-2FB6441F5D45}.Debug|Any CPU.ActiveCfg = Debug|Any CPU
		{5BB95689-0962-4CBA-856C-2FB6441F5D45}.Debug|Any CPU.Build.0 = Debug|Any CPU
		{5BB95689-0962-4CBA-856C-2FB6441F5D45}.Release|Any CPU.ActiveCfg = Release|Any CPU
		{5BB95689-0962-4CBA-856C-2FB6441F5D45}.Release|Any CPU.Build.0 = Release|Any CPU
		{AC2257A0-B190-4ADF-BA46-055C2BD31E05}.Debug|Any CPU.ActiveCfg = Debug|Any CPU
		{AC2257A0-B190-4ADF-BA46-055C2BD31E05}.Debug|Any CPU.Build.0 = Debug|Any CPU
		{AC2257A0-B190-4ADF-BA46-055C2BD31E05}.Release|Any CPU.ActiveCfg = Release|Any CPU
		{AC2257A0-B190-4ADF-BA46-055C2BD31E05}.Release|Any CPU.Build.0 = Release|Any CPU
	EndGlobalSection
	GlobalSection(SolutionProperties) = preSolution
		HideSolutionNode = FALSE
	EndGlobalSection
	GlobalSection(ExtensibilityGlobals) = postSolution
		SolutionGuid = {7DE53E36-79A7-49AD-9581-337DA7ACAD74}
	EndGlobalSection
EndGlobal
