
Microsoft Visual Studio Solution File, Format Version 12.00
# Visual Studio Version 17
VisualStudioVersion = 17.3.32825.248
MinimumVisualStudioVersion = 10.0.40219.1
Project("{9A19103F-16F7-4668-BE54-9A1E7A4F7556}") = "Bowling.App", "Bowling\Bowling.App\Bowling.App.csproj", "{5BB95689-0962-4CBA-856C-2FB6441F5D45}"
EndProject
Project("{9A19103F-16F7-4668-BE54-9A1E7A4F7556}") = "Bowling.Tests", "Bowling\Bowling.Tests\Bowling.Tests.csproj", "{EA68264C-19A0-4857-A76A-FAF1B3AACFE5}"
EndProject
Project("{2150E333-8FDC-42A3-9474-1A3956D46DE8}") = "Solution Items", "Solution Items", "{44F321C4-29C3-4CB5-9C74-F5B169AECA50}"
	ProjectSection(SolutionItems) = preProject
		README.md = README.md
	EndProjectSection
EndProject
Project("{2150E333-8FDC-42A3-9474-1A3956D46DE8}") = "Bowling", "Bowling", "{E8133615-1FBF-497E-A781-7E1525DA1A74}"
EndProject
Project("{2150E333-8FDC-42A3-9474-1A3956D46DE8}") = "MetricConverter", "MetricConverter", "{FD33F1C4-1146-490D-B2A1-210DC122DB6F}"
EndProject
Project("{FAE04EC0-301F-11D3-BF4B-00C04F79EFBC}") = "MetricConverter", "MetricConverter\MetricConverter\MetricConverter.csproj", "{C9D4E089-7DE5-4D13-BD5D-EDD7606149E3}"
EndProject
Project("{9A19103F-16F7-4668-BE54-9A1E7A4F7556}") = "MetricConverter.Tests.Unit", "MetricConverter\MetricConverter.Tests.Unit\MetricConverter.Tests.Unit.csproj", "{F855C51F-A202-4729-9231-F17CC6C1D066}"
EndProject
Global
	GlobalSection(SolutionConfigurationPlatforms) = preSolution
		Debug|Any CPU = Debug|Any CPU
		Release|Any CPU = Release|Any CPU
	EndGlobalSection
	GlobalSection(ProjectConfigurationPlatforms) = postSolution
		{5BB95689-0962-4CBA-856C-2FB6441F5D45}.Debug|Any CPU.ActiveCfg = Debug|Any CPU
		{5BB95689-0962-4CBA-856C-2FB6441F5D45}.Debug|Any CPU.Build.0 = Debug|Any CPU
		{5BB95689-0962-4CBA-856C-2FB6441F5D45}.Release|Any CPU.ActiveCfg = Release|Any CPU
		{5BB95689-0962-4CBA-856C-2FB6441F5D45}.Release|Any CPU.Build.0 = Release|Any CPU
		{EA68264C-19A0-4857-A76A-FAF1B3AACFE5}.Debug|Any CPU.ActiveCfg = Debug|Any CPU
		{EA68264C-19A0-4857-A76A-FAF1B3AACFE5}.Debug|Any CPU.Build.0 = Debug|Any CPU
		{EA68264C-19A0-4857-A76A-FAF1B3AACFE5}.Release|Any CPU.ActiveCfg = Release|Any CPU
		{EA68264C-19A0-4857-A76A-FAF1B3AACFE5}.Release|Any CPU.Build.0 = Release|Any CPU
		{C9D4E089-7DE5-4D13-BD5D-EDD7606149E3}.Debug|Any CPU.ActiveCfg = Debug|Any CPU
		{C9D4E089-7DE5-4D13-BD5D-EDD7606149E3}.Debug|Any CPU.Build.0 = Debug|Any CPU
		{C9D4E089-7DE5-4D13-BD5D-EDD7606149E3}.Release|Any CPU.ActiveCfg = Release|Any CPU
		{C9D4E089-7DE5-4D13-BD5D-EDD7606149E3}.Release|Any CPU.Build.0 = Release|Any CPU
		{F855C51F-A202-4729-9231-F17CC6C1D066}.Debug|Any CPU.ActiveCfg = Debug|Any CPU
		{F855C51F-A202-4729-9231-F17CC6C1D066}.Debug|Any CPU.Build.0 = Debug|Any CPU
		{F855C51F-A202-4729-9231-F17CC6C1D066}.Release|Any CPU.ActiveCfg = Release|Any CPU
		{F855C51F-A202-4729-9231-F17CC6C1D066}.Release|Any CPU.Build.0 = Release|Any CPU
	EndGlobalSection
	GlobalSection(SolutionProperties) = preSolution
		HideSolutionNode = FALSE
	EndGlobalSection
	GlobalSection(NestedProjects) = preSolution
		{5BB95689-0962-4CBA-856C-2FB6441F5D45} = {E8133615-1FBF-497E-A781-7E1525DA1A74}
		{EA68264C-19A0-4857-A76A-FAF1B3AACFE5} = {E8133615-1FBF-497E-A781-7E1525DA1A74}
		{C9D4E089-7DE5-4D13-BD5D-EDD7606149E3} = {FD33F1C4-1146-490D-B2A1-210DC122DB6F}
		{F855C51F-A202-4729-9231-F17CC6C1D066} = {FD33F1C4-1146-490D-B2A1-210DC122DB6F}
	EndGlobalSection
	GlobalSection(ExtensibilityGlobals) = postSolution
		SolutionGuid = {7DE53E36-79A7-49AD-9581-337DA7ACAD74}
	EndGlobalSection
EndGlobal
